
Microsoft Visual Studio Solution File, Format Version 12.00
# Visual Studio Version 16
VisualStudioVersion = 16.0.33423.256
MinimumVisualStudioVersion = 10.0.40219.1
Project("{FAE04EC0-301F-11D3-BF4B-00C04F79EFBC}") = "Package Express Program", "Package Express Program\Package Express Program.csproj", "{AFC122FA-8075-42F1-8B13-1CCE28F4F48A}"
EndProject
Global
	GlobalSection(SolutionConfigurationPlatforms) = preSolution
		Debug|Any CPU = Debug|Any CPU
		Release|Any CPU = Release|Any CPU
	EndGlobalSection
	GlobalSection(ProjectConfigurationPlatforms) = postSolution
		{AFC122FA-8075-42F1-8B13-1CCE28F4F48A}.Debug|Any CPU.ActiveCfg = Debug|Any CPU
		{AFC122FA-8075-42F1-8B13-1CCE28F4F48A}.Debug|Any CPU.Build.0 = Debug|Any CPU
		{AFC122FA-8075-42F1-8B13-1CCE28F4F48A}.Release|Any CPU.ActiveCfg = Release|Any CPU
		{AFC122FA-8075-42F1-8B13-1CCE28F4F48A}.Release|Any CPU.Build.0 = Release|Any CPU
	EndGlobalSection
	GlobalSection(SolutionProperties) = preSolution
		HideSolutionNode = FALSE
	EndGlobalSection
	GlobalSection(ExtensibilityGlobals) = postSolution
		SolutionGuid = {4564AAFE-71ED-4FAE-9768-745991EE8E2B}
	EndGlobalSection
EndGlobal
