
Microsoft Visual Studio Solution File, Format Version 12.00
# Visual Studio Version 16
VisualStudioVersion = 16.0.33423.256
MinimumVisualStudioVersion = 10.0.40219.1
Project("{FAE04EC0-301F-11D3-BF4B-00C04F79EFBC}") = "Method Demonstration", "Method Demonstration\Method Demonstration.csproj", "{C3431D4C-A4C2-4059-8794-78C0A1678DCA}"
EndProject
Global
	GlobalSection(SolutionConfigurationPlatforms) = preSolution
		Debug|Any CPU = Debug|Any CPU
		Release|Any CPU = Release|Any CPU
	EndGlobalSection
	GlobalSection(ProjectConfigurationPlatforms) = postSolution
		{C3431D4C-A4C2-4059-8794-78C0A1678DCA}.Debug|Any CPU.ActiveCfg = Debug|Any CPU
		{C3431D4C-A4C2-4059-8794-78C0A1678DCA}.Debug|Any CPU.Build.0 = Debug|Any CPU
		{C3431D4C-A4C2-4059-8794-78C0A1678DCA}.Release|Any CPU.ActiveCfg = Release|Any CPU
		{C3431D4C-A4C2-4059-8794-78C0A1678DCA}.Release|Any CPU.Build.0 = Release|Any CPU
	EndGlobalSection
	GlobalSection(SolutionProperties) = preSolution
		HideSolutionNode = FALSE
	EndGlobalSection
	GlobalSection(ExtensibilityGlobals) = postSolution
		SolutionGuid = {7CE1454D-4576-4180-9310-238F1F63613B}
	EndGlobalSection
EndGlobal
