
Microsoft Visual Studio Solution File, Format Version 12.00
# Visual Studio Version 16
VisualStudioVersion = 16.0.33423.256
MinimumVisualStudioVersion = 10.0.40219.1
Project("{FAE04EC0-301F-11D3-BF4B-00C04F79EFBC}") = "Strings and Integers", "Strings and Integers\Strings and Integers.csproj", "{438CD071-B302-4892-9AF0-DE1E54FC420D}"
EndProject
Global
	GlobalSection(SolutionConfigurationPlatforms) = preSolution
		Debug|Any CPU = Debug|Any CPU
		Release|Any CPU = Release|Any CPU
	EndGlobalSection
	GlobalSection(ProjectConfigurationPlatforms) = postSolution
		{438CD071-B302-4892-9AF0-DE1E54FC420D}.Debug|Any CPU.ActiveCfg = Debug|Any CPU
		{438CD071-B302-4892-9AF0-DE1E54FC420D}.Debug|Any CPU.Build.0 = Debug|Any CPU
		{438CD071-B302-4892-9AF0-DE1E54FC420D}.Release|Any CPU.ActiveCfg = Release|Any CPU
		{438CD071-B302-4892-9AF0-DE1E54FC420D}.Release|Any CPU.Build.0 = Release|Any CPU
	EndGlobalSection
	GlobalSection(SolutionProperties) = preSolution
		HideSolutionNode = FALSE
	EndGlobalSection
	GlobalSection(ExtensibilityGlobals) = postSolution
		SolutionGuid = {ED0E8307-27F3-48EF-AC17-8BF840816EF0}
	EndGlobalSection
EndGlobal
