
Microsoft Visual Studio Solution File, Format Version 12.00
# Visual Studio Version 16
VisualStudioVersion = 16.0.33423.256
MinimumVisualStudioVersion = 10.0.40219.1
Project("{FAE04EC0-301F-11D3-BF4B-00C04F79EFBC}") = "CarInsurance", "CarInsurance\CarInsurance.csproj", "{55D09EE4-EC39-4B53-9E36-9C68CC9B7D61}"
EndProject
Global
	GlobalSection(SolutionConfigurationPlatforms) = preSolution
		Debug|Any CPU = Debug|Any CPU
		Release|Any CPU = Release|Any CPU
	EndGlobalSection
	GlobalSection(ProjectConfigurationPlatforms) = postSolution
		{55D09EE4-EC39-4B53-9E36-9C68CC9B7D61}.Debug|Any CPU.ActiveCfg = Debug|Any CPU
		{55D09EE4-EC39-4B53-9E36-9C68CC9B7D61}.Debug|Any CPU.Build.0 = Debug|Any CPU
		{55D09EE4-EC39-4B53-9E36-9C68CC9B7D61}.Release|Any CPU.ActiveCfg = Release|Any CPU
		{55D09EE4-EC39-4B53-9E36-9C68CC9B7D61}.Release|Any CPU.Build.0 = Release|Any CPU
	EndGlobalSection
	GlobalSection(SolutionProperties) = preSolution
		HideSolutionNode = FALSE
	EndGlobalSection
	GlobalSection(ExtensibilityGlobals) = postSolution
		SolutionGuid = {3EA1D35F-0EE0-4425-9F2D-BA4C6695846C}
	EndGlobalSection
EndGlobal
