
Microsoft Visual Studio Solution File, Format Version 12.00
# Visual Studio Version 16
VisualStudioVersion = 16.0.33423.256
MinimumVisualStudioVersion = 10.0.40219.1
Project("{FAE04EC0-301F-11D3-BF4B-00C04F79EFBC}") = "Salary Compare Final", "Salary Compare Final\Salary Compare Final.csproj", "{1EF2084F-3BFA-4C97-AC37-7A428C5873B3}"
EndProject
Global
	GlobalSection(SolutionConfigurationPlatforms) = preSolution
		Debug|Any CPU = Debug|Any CPU
		Release|Any CPU = Release|Any CPU
	EndGlobalSection
	GlobalSection(ProjectConfigurationPlatforms) = postSolution
		{1EF2084F-3BFA-4C97-AC37-7A428C5873B3}.Debug|Any CPU.ActiveCfg = Debug|Any CPU
		{1EF2084F-3BFA-4C97-AC37-7A428C5873B3}.Debug|Any CPU.Build.0 = Debug|Any CPU
		{1EF2084F-3BFA-4C97-AC37-7A428C5873B3}.Release|Any CPU.ActiveCfg = Release|Any CPU
		{1EF2084F-3BFA-4C97-AC37-7A428C5873B3}.Release|Any CPU.Build.0 = Release|Any CPU
	EndGlobalSection
	GlobalSection(SolutionProperties) = preSolution
		HideSolutionNode = FALSE
	EndGlobalSection
	GlobalSection(ExtensibilityGlobals) = postSolution
		SolutionGuid = {595C1AD4-1787-4CA0-962B-3D0A38952065}
	EndGlobalSection
EndGlobal
