
Microsoft Visual Studio Solution File, Format Version 12.00
# Visual Studio Version 16
VisualStudioVersion = 16.0.33423.256
MinimumVisualStudioVersion = 10.0.40219.1
Project("{FAE04EC0-301F-11D3-BF4B-00C04F79EFBC}") = "Final Challenge", "Final Challenge\Final Challenge.csproj", "{13254277-5BDA-4EC8-867D-1B964A285016}"
EndProject
Global
	GlobalSection(SolutionConfigurationPlatforms) = preSolution
		Debug|Any CPU = Debug|Any CPU
		Release|Any CPU = Release|Any CPU
	EndGlobalSection
	GlobalSection(ProjectConfigurationPlatforms) = postSolution
		{13254277-5BDA-4EC8-867D-1B964A285016}.Debug|Any CPU.ActiveCfg = Debug|Any CPU
		{13254277-5BDA-4EC8-867D-1B964A285016}.Debug|Any CPU.Build.0 = Debug|Any CPU
		{13254277-5BDA-4EC8-867D-1B964A285016}.Release|Any CPU.ActiveCfg = Release|Any CPU
		{13254277-5BDA-4EC8-867D-1B964A285016}.Release|Any CPU.Build.0 = Release|Any CPU
	EndGlobalSection
	GlobalSection(SolutionProperties) = preSolution
		HideSolutionNode = FALSE
	EndGlobalSection
	GlobalSection(ExtensibilityGlobals) = postSolution
		SolutionGuid = {7604DFFA-4683-4185-BD32-C9887709D6CB}
	EndGlobalSection
EndGlobal
