
Microsoft Visual Studio Solution File, Format Version 12.00
# Visual Studio Version 16
VisualStudioVersion = 16.0.33423.256
MinimumVisualStudioVersion = 10.0.40219.1
Project("{FAE04EC0-301F-11D3-BF4B-00C04F79EFBC}") = "DateTIme", "DateTIme\DateTIme.csproj", "{F813D582-CB79-492D-BA6C-946398358398}"
EndProject
Global
	GlobalSection(SolutionConfigurationPlatforms) = preSolution
		Debug|Any CPU = Debug|Any CPU
		Release|Any CPU = Release|Any CPU
	EndGlobalSection
	GlobalSection(ProjectConfigurationPlatforms) = postSolution
		{F813D582-CB79-492D-BA6C-946398358398}.Debug|Any CPU.ActiveCfg = Debug|Any CPU
		{F813D582-CB79-492D-BA6C-946398358398}.Debug|Any CPU.Build.0 = Debug|Any CPU
		{F813D582-CB79-492D-BA6C-946398358398}.Release|Any CPU.ActiveCfg = Release|Any CPU
		{F813D582-CB79-492D-BA6C-946398358398}.Release|Any CPU.Build.0 = Release|Any CPU
	EndGlobalSection
	GlobalSection(SolutionProperties) = preSolution
		HideSolutionNode = FALSE
	EndGlobalSection
	GlobalSection(ExtensibilityGlobals) = postSolution
		SolutionGuid = {528F9A58-145D-4647-9F30-4CB1CA77FABB}
	EndGlobalSection
EndGlobal
