
Microsoft Visual Studio Solution File, Format Version 12.00
# Visual Studio Version 16
VisualStudioVersion = 16.0.33423.256
MinimumVisualStudioVersion = 10.0.40219.1
Project("{FAE04EC0-301F-11D3-BF4B-00C04F79EFBC}") = "Console App Series", "Console App Series\Console App Series.csproj", "{B3C3DDC4-9E75-4D2B-8D8F-72BE6FBC54A0}"
EndProject
Global
	GlobalSection(SolutionConfigurationPlatforms) = preSolution
		Debug|Any CPU = Debug|Any CPU
		Release|Any CPU = Release|Any CPU
	EndGlobalSection
	GlobalSection(ProjectConfigurationPlatforms) = postSolution
		{B3C3DDC4-9E75-4D2B-8D8F-72BE6FBC54A0}.Debug|Any CPU.ActiveCfg = Debug|Any CPU
		{B3C3DDC4-9E75-4D2B-8D8F-72BE6FBC54A0}.Debug|Any CPU.Build.0 = Debug|Any CPU
		{B3C3DDC4-9E75-4D2B-8D8F-72BE6FBC54A0}.Release|Any CPU.ActiveCfg = Release|Any CPU
		{B3C3DDC4-9E75-4D2B-8D8F-72BE6FBC54A0}.Release|Any CPU.Build.0 = Release|Any CPU
	EndGlobalSection
	GlobalSection(SolutionProperties) = preSolution
		HideSolutionNode = FALSE
	EndGlobalSection
	GlobalSection(ExtensibilityGlobals) = postSolution
		SolutionGuid = {FFD19714-C451-422D-BA25-683B4F6DE5E8}
	EndGlobalSection
EndGlobal
